
Microsoft Visual Studio Solution File, Format Version 12.00
# Visual Studio Version 17
VisualStudioVersion = 17.3.32825.248
MinimumVisualStudioVersion = 10.0.40219.1
Project("{8BC9CEB8-8B4A-11D0-8D11-00A0C91BC942}") = "Alg 5.9", "Alg 5.9\Alg 5.9.vcxproj", "{457882EF-C1A2-4845-A7F6-68907890A118}"
EndProject
Global
	GlobalSection(SolutionConfigurationPlatforms) = preSolution
		Debug|x64 = Debug|x64
		Debug|x86 = Debug|x86
		Release|x64 = Release|x64
		Release|x86 = Release|x86
	EndGlobalSection
	GlobalSection(ProjectConfigurationPlatforms) = postSolution
		{457882EF-C1A2-4845-A7F6-68907890A118}.Debug|x64.ActiveCfg = Debug|x64
		{457882EF-C1A2-4845-A7F6-68907890A118}.Debug|x64.Build.0 = Debug|x64
		{457882EF-C1A2-4845-A7F6-68907890A118}.Debug|x86.ActiveCfg = Debug|Win32
		{457882EF-C1A2-4845-A7F6-68907890A118}.Debug|x86.Build.0 = Debug|Win32
		{457882EF-C1A2-4845-A7F6-68907890A118}.Release|x64.ActiveCfg = Release|x64
		{457882EF-C1A2-4845-A7F6-68907890A118}.Release|x64.Build.0 = Release|x64
		{457882EF-C1A2-4845-A7F6-68907890A118}.Release|x86.ActiveCfg = Release|Win32
		{457882EF-C1A2-4845-A7F6-68907890A118}.Release|x86.Build.0 = Release|Win32
	EndGlobalSection
	GlobalSection(SolutionProperties) = preSolution
		HideSolutionNode = FALSE
	EndGlobalSection
	GlobalSection(ExtensibilityGlobals) = postSolution
		SolutionGuid = {C257260F-2546-4210-84D4-020CB049A95D}
	EndGlobalSection
EndGlobal
